{
	"name": "@lambdatest/playwright-driver",
	"version": "1.0.6",
	"lockfileVersion": 3,
	"requires": true,
	"packages": {
		"": {
			"name": "@lambdatest/playwright-driver",
			"version": "1.0.6",
			"license": "MIT",
			"dependencies": {
				"@lambdatest/sdk-utils": "file:../sdk-utils"
			},
			"devDependencies": {
				"playwright-core": ">=1"
			},
			"peerDependencies": {
				"playwright-core": ">=1"
			}
		},
		"../sdk-utils": {
			"name": "@lambdatest/sdk-utils",
			"version": "1.0.7",
			"license": "MIT",
			"dependencies": {
				"axios": "^1.6.2",
				"chalk": "4",
				"winston": "^3.11.0"
			},
			"bin": {
				"lt-report": "src/report-cli.js"
			}
		},
		"node_modules/@lambdatest/sdk-utils": {
			"resolved": "../sdk-utils",
			"link": true
		},
		"node_modules/playwright-core": {
			"version": "1.52.0",
			"resolved": "https://registry.npmjs.org/playwright-core/-/playwright-core-1.52.0.tgz",
			"integrity": "sha512-l2osTgLXSMeuLZOML9qYODUQoPPnUsKsb5/P6LJ2e6uPKXUdPK5WYhN4z03G+YNbWmGDY4YENauNu4ZKczreHg==",
			"dev": true,
			"license": "Apache-2.0",
			"bin": {
				"playwright-core": "cli.js"
			},
			"engines": {
				"node": ">=18"
			}
		}
	}
}
